schema: '2.0'
stages:
  data_ingestion:
    cmd: python src/data_ingestion.py
    deps:
    - path: src/data_ingestion.py
      hash: md5
      md5: 7c42ff6e58cae30983c09e8e17bc0da1
      size: 3575
    params:
      params.yaml:
        data_ingestion.test_size: 0.3
    outs:
    - path: data/raw
      hash: md5
      md5: 43815b740e3d5884f112e42bdd54a6b0.dir
      size: 479272
      nfiles: 2
  data_preprocessing:
    cmd: python src/data_preprocessing.py
    deps:
    - path: data/raw
      hash: md5
      md5: 43815b740e3d5884f112e42bdd54a6b0.dir
      size: 479272
      nfiles: 2
    - path: src/data_preprocessing.py
      hash: md5
      md5: 8ebf2ac8f3a1fb82403635c53bbc5d43
      size: 3892
    outs:
    - path: data/interim
      hash: md5
      md5: 91d80631b72bc88148c9f0c49789af70.dir
      size: 257220
      nfiles: 2
  feature_engineering:
    cmd: python src/feature_engineering.py
    deps:
    - path: data/interim
      hash: md5
      md5: 91d80631b72bc88148c9f0c49789af70.dir
      size: 257220
      nfiles: 2
    - path: src/feature_engineering.py
      hash: md5
      md5: 55c838f8b9b24bdf96f0bf4a576fbf73
      size: 3798
    params:
      params.yaml:
        feature_engineering.max_features: 50
    outs:
    - path: data/processed
      hash: md5
      md5: b95e30876c76352ff673213f2059f80d.dir
      size: 1182415
      nfiles: 2
  model_building:
    cmd: python src/model_building.py
    deps:
    - path: data/processed
      hash: md5
      md5: b95e30876c76352ff673213f2059f80d.dir
      size: 1182415
      nfiles: 2
    - path: src/model_building.py
      hash: md5
      md5: b36efbd44387511444c273cadf9a9e99
      size: 4487
    params:
      params.yaml:
        model_building.n_estimators: 25
        model_building.random_state: 2
    outs:
    - path: models/model.pkl
      hash: md5
      md5: 225ccb9077fab377872d7736d4d6b68a
      size: 886809
  model_evaluation:
    cmd: python src/model_evaluation.py
    deps:
    - path: models/model.pkl
      hash: md5
      md5: 225ccb9077fab377872d7736d4d6b68a
      size: 886809
    - path: src/model_evaluation.py
      hash: md5
      md5: ac9d563a5b8335df9cbb41c795661c47
      size: 4530
    outs:
    - path: reports/metrics.json
      hash: md5
      md5: cd02319a3840e7cdc6ac78970cdee7eb
      size: 144
